
Microsoft Visual Studio Solution File, Format Version 12.00
# Visual Studio 15
VisualStudioVersion = 15.0.27004.2009
MinimumVisualStudioVersion = 10.0.40219.1
Project("{FAE04EC0-301F-11D3-BF4B-00C04F79EFBC}") = "DocDbClient", "DocDbClient\DocDbClient.csproj", "{BBF0611E-4FFE-4543-8158-C225095CA27C}"
EndProject
Project("{FAE04EC0-301F-11D3-BF4B-00C04F79EFBC}") = "CosmosStressTester", "CosmosStressTester\CosmosStressTester.csproj", "{F78D8BA2-B6B5-47F5-9F5A-2C46365161D9}"
EndProject
Global
	GlobalSection(SolutionConfigurationPlatforms) = preSolution
		Debug|Any CPU = Debug|Any CPU
		Release|Any CPU = Release|Any CPU
	EndGlobalSection
	GlobalSection(ProjectConfigurationPlatforms) = postSolution
		{BBF0611E-4FFE-4543-8158-C225095CA27C}.Debug|Any CPU.ActiveCfg = Debug|Any CPU
		{BBF0611E-4FFE-4543-8158-C225095CA27C}.Debug|Any CPU.Build.0 = Debug|Any CPU
		{BBF0611E-4FFE-4543-8158-C225095CA27C}.Release|Any CPU.ActiveCfg = Release|Any CPU
		{BBF0611E-4FFE-4543-8158-C225095CA27C}.Release|Any CPU.Build.0 = Release|Any CPU
		{F78D8BA2-B6B5-47F5-9F5A-2C46365161D9}.Debug|Any CPU.ActiveCfg = Debug|Any CPU
		{F78D8BA2-B6B5-47F5-9F5A-2C46365161D9}.Debug|Any CPU.Build.0 = Debug|Any CPU
		{F78D8BA2-B6B5-47F5-9F5A-2C46365161D9}.Release|Any CPU.ActiveCfg = Release|Any CPU
		{F78D8BA2-B6B5-47F5-9F5A-2C46365161D9}.Release|Any CPU.Build.0 = Release|Any CPU
	EndGlobalSection
	GlobalSection(SolutionProperties) = preSolution
		HideSolutionNode = FALSE
	EndGlobalSection
	GlobalSection(ExtensibilityGlobals) = postSolution
		SolutionGuid = {37A48103-7B2C-472C-BA18-20D5BEF6C2EA}
	EndGlobalSection
EndGlobal
